
Microsoft Visual Studio Solution File, Format Version 12.00
# Visual Studio Version 17
VisualStudioVersion = 17.0.31903.59
MinimumVisualStudioVersion = 10.0.40219.1
Project("{FAE04EC0-301F-11D3-BF4B-00C04F79EFBC}") = "InsecureHttpDemo", "InsecureHttpDemo\InsecureHttpDemo.csproj", "{470BA898-CCD8-4E1A-8F34-340D9D6EFC62}"
EndProject
Project("{FAE04EC0-301F-11D3-BF4B-00C04F79EFBC}") = "SecureHttpsDemo", "SecureHttpsDemo\SecureHttpsDemo.csproj", "{6C08528F-2675-407F-966A-E667C1B335C0}"
EndProject
Project("{FAE04EC0-301F-11D3-BF4B-00C04F79EFBC}") = "PacketSnifferDemo", "PacketSnifferDemo\PacketSnifferDemo.csproj", "{E8DA8256-0319-4029-B00F-27739C8A0B16}"
EndProject
Global
	GlobalSection(SolutionConfigurationPlatforms) = preSolution
		Debug|Any CPU = Debug|Any CPU
		Debug|x64 = Debug|x64
		Debug|x86 = Debug|x86
		Release|Any CPU = Release|Any CPU
		Release|x64 = Release|x64
		Release|x86 = Release|x86
	EndGlobalSection
	GlobalSection(ProjectConfigurationPlatforms) = postSolution
		{470BA898-CCD8-4E1A-8F34-340D9D6EFC62}.Debug|Any CPU.ActiveCfg = Debug|Any CPU
		{470BA898-CCD8-4E1A-8F34-340D9D6EFC62}.Debug|Any CPU.Build.0 = Debug|Any CPU
		{470BA898-CCD8-4E1A-8F34-340D9D6EFC62}.Debug|x64.ActiveCfg = Debug|Any CPU
		{470BA898-CCD8-4E1A-8F34-340D9D6EFC62}.Debug|x64.Build.0 = Debug|Any CPU
		{470BA898-CCD8-4E1A-8F34-340D9D6EFC62}.Debug|x86.ActiveCfg = Debug|Any CPU
		{470BA898-CCD8-4E1A-8F34-340D9D6EFC62}.Debug|x86.Build.0 = Debug|Any CPU
		{470BA898-CCD8-4E1A-8F34-340D9D6EFC62}.Release|Any CPU.ActiveCfg = Release|Any CPU
		{470BA898-CCD8-4E1A-8F34-340D9D6EFC62}.Release|Any CPU.Build.0 = Release|Any CPU
		{470BA898-CCD8-4E1A-8F34-340D9D6EFC62}.Release|x64.ActiveCfg = Release|Any CPU
		{470BA898-CCD8-4E1A-8F34-340D9D6EFC62}.Release|x64.Build.0 = Release|Any CPU
		{470BA898-CCD8-4E1A-8F34-340D9D6EFC62}.Release|x86.ActiveCfg = Release|Any CPU
		{470BA898-CCD8-4E1A-8F34-340D9D6EFC62}.Release|x86.Build.0 = Release|Any CPU
		{6C08528F-2675-407F-966A-E667C1B335C0}.Debug|Any CPU.ActiveCfg = Debug|Any CPU
		{6C08528F-2675-407F-966A-E667C1B335C0}.Debug|Any CPU.Build.0 = Debug|Any CPU
		{6C08528F-2675-407F-966A-E667C1B335C0}.Debug|x64.ActiveCfg = Debug|Any CPU
		{6C08528F-2675-407F-966A-E667C1B335C0}.Debug|x64.Build.0 = Debug|Any CPU
		{6C08528F-2675-407F-966A-E667C1B335C0}.Debug|x86.ActiveCfg = Debug|Any CPU
		{6C08528F-2675-407F-966A-E667C1B335C0}.Debug|x86.Build.0 = Debug|Any CPU
		{6C08528F-2675-407F-966A-E667C1B335C0}.Release|Any CPU.ActiveCfg = Release|Any CPU
		{6C08528F-2675-407F-966A-E667C1B335C0}.Release|Any CPU.Build.0 = Release|Any CPU
		{6C08528F-2675-407F-966A-E667C1B335C0}.Release|x64.ActiveCfg = Release|Any CPU
		{6C08528F-2675-407F-966A-E667C1B335C0}.Release|x64.Build.0 = Release|Any CPU
		{6C08528F-2675-407F-966A-E667C1B335C0}.Release|x86.ActiveCfg = Release|Any CPU
		{6C08528F-2675-407F-966A-E667C1B335C0}.Release|x86.Build.0 = Release|Any CPU
		{E8DA8256-0319-4029-B00F-27739C8A0B16}.Debug|Any CPU.ActiveCfg = Debug|Any CPU
		{E8DA8256-0319-4029-B00F-27739C8A0B16}.Debug|Any CPU.Build.0 = Debug|Any CPU
		{E8DA8256-0319-4029-B00F-27739C8A0B16}.Debug|x64.ActiveCfg = Debug|Any CPU
		{E8DA8256-0319-4029-B00F-27739C8A0B16}.Debug|x64.Build.0 = Debug|Any CPU
		{E8DA8256-0319-4029-B00F-27739C8A0B16}.Debug|x86.ActiveCfg = Debug|Any CPU
		{E8DA8256-0319-4029-B00F-27739C8A0B16}.Debug|x86.Build.0 = Debug|Any CPU
		{E8DA8256-0319-4029-B00F-27739C8A0B16}.Release|Any CPU.ActiveCfg = Release|Any CPU
		{E8DA8256-0319-4029-B00F-27739C8A0B16}.Release|Any CPU.Build.0 = Release|Any CPU
		{E8DA8256-0319-4029-B00F-27739C8A0B16}.Release|x64.ActiveCfg = Release|Any CPU
		{E8DA8256-0319-4029-B00F-27739C8A0B16}.Release|x64.Build.0 = Release|Any CPU
		{E8DA8256-0319-4029-B00F-27739C8A0B16}.Release|x86.ActiveCfg = Release|Any CPU
		{E8DA8256-0319-4029-B00F-27739C8A0B16}.Release|x86.Build.0 = Release|Any CPU
	EndGlobalSection
	GlobalSection(SolutionProperties) = preSolution
		HideSolutionNode = FALSE
	EndGlobalSection
EndGlobal
